
Microsoft Visual Studio Solution File, Format Version 12.00
# Visual Studio 2013
VisualStudioVersion = 12.0.21005.1
MinimumVisualStudioVersion = 10.0.40219.1
Project("{E24C65DC-7377-472B-9ABA-BC803B73C61A}") = "AngularJSXorAssignment1", "http://localhost:7816", "{69630FAF-101D-4AAA-AE21-B558E8754A0B}"
	ProjectSection(WebsiteProperties) = preProject
		UseIISExpress = "true"
		TargetFrameworkMoniker = ".NETFramework,Version%3Dv4.0"
		Debug.AspNetCompiler.VirtualPath = "/localhost_7816"
		Debug.AspNetCompiler.PhysicalPath = "Samples\"
		Debug.AspNetCompiler.TargetPath = "PrecompiledWeb\localhost_7816\"
		Debug.AspNetCompiler.Updateable = "true"
		Debug.AspNetCompiler.ForceOverwrite = "true"
		Debug.AspNetCompiler.FixedNames = "false"
		Debug.AspNetCompiler.Debug = "True"
		Release.AspNetCompiler.VirtualPath = "/localhost_7816"
		Release.AspNetCompiler.PhysicalPath = "Samples\"
		Release.AspNetCompiler.TargetPath = "PrecompiledWeb\localhost_7816\"
		Release.AspNetCompiler.Updateable = "true"
		Release.AspNetCompiler.ForceOverwrite = "true"
		Release.AspNetCompiler.FixedNames = "false"
		Release.AspNetCompiler.Debug = "False"
		SlnRelativePath = "Samples\"
	EndProjectSection
EndProject
Project("{FAE04EC0-301F-11D3-BF4B-00C04F79EFBC}") = "ngQuickerPrototypeApp", "ngQuickerPrototypeApp\ngQuickerPrototypeApp.csproj", "{8920E0C0-ACF4-4D3F-8A8B-2D01C344D85D}"
EndProject
Project("{E24C65DC-7377-472B-9ABA-BC803B73C61A}") = "Project", "http://localhost:9207", "{D5E83F12-044C-45C3-84EE-84F53D91241A}"
	ProjectSection(WebsiteProperties) = preProject
		UseIISExpress = "true"
		TargetFrameworkMoniker = ".NETFramework,Version%3Dv4.0"
		Debug.AspNetCompiler.VirtualPath = "/localhost_9207"
		Debug.AspNetCompiler.PhysicalPath = "..\Project\"
		Debug.AspNetCompiler.TargetPath = "PrecompiledWeb\localhost_9207\"
		Debug.AspNetCompiler.Updateable = "true"
		Debug.AspNetCompiler.ForceOverwrite = "true"
		Debug.AspNetCompiler.FixedNames = "false"
		Debug.AspNetCompiler.Debug = "True"
		Release.AspNetCompiler.VirtualPath = "/localhost_9207"
		Release.AspNetCompiler.PhysicalPath = "..\Project\"
		Release.AspNetCompiler.TargetPath = "PrecompiledWeb\localhost_9207\"
		Release.AspNetCompiler.Updateable = "true"
		Release.AspNetCompiler.ForceOverwrite = "true"
		Release.AspNetCompiler.FixedNames = "false"
		Release.AspNetCompiler.Debug = "False"
		SlnRelativePath = "..\Project\"
	EndProjectSection
EndProject
Global
	GlobalSection(SolutionConfigurationPlatforms) = preSolution
		Debug|Any CPU = Debug|Any CPU
		Release|Any CPU = Release|Any CPU
	EndGlobalSection
	GlobalSection(ProjectConfigurationPlatforms) = postSolution
		{69630FAF-101D-4AAA-AE21-B558E8754A0B}.Debug|Any CPU.ActiveCfg = Debug|Any CPU
		{69630FAF-101D-4AAA-AE21-B558E8754A0B}.Debug|Any CPU.Build.0 = Debug|Any CPU
		{69630FAF-101D-4AAA-AE21-B558E8754A0B}.Release|Any CPU.ActiveCfg = Debug|Any CPU
		{69630FAF-101D-4AAA-AE21-B558E8754A0B}.Release|Any CPU.Build.0 = Debug|Any CPU
		{8920E0C0-ACF4-4D3F-8A8B-2D01C344D85D}.Debug|Any CPU.ActiveCfg = Debug|Any CPU
		{8920E0C0-ACF4-4D3F-8A8B-2D01C344D85D}.Debug|Any CPU.Build.0 = Debug|Any CPU
		{8920E0C0-ACF4-4D3F-8A8B-2D01C344D85D}.Release|Any CPU.ActiveCfg = Release|Any CPU
		{8920E0C0-ACF4-4D3F-8A8B-2D01C344D85D}.Release|Any CPU.Build.0 = Release|Any CPU
		{D5E83F12-044C-45C3-84EE-84F53D91241A}.Debug|Any CPU.ActiveCfg = Debug|Any CPU
		{D5E83F12-044C-45C3-84EE-84F53D91241A}.Debug|Any CPU.Build.0 = Debug|Any CPU
		{D5E83F12-044C-45C3-84EE-84F53D91241A}.Release|Any CPU.ActiveCfg = Debug|Any CPU
		{D5E83F12-044C-45C3-84EE-84F53D91241A}.Release|Any CPU.Build.0 = Debug|Any CPU
	EndGlobalSection
	GlobalSection(SolutionProperties) = preSolution
		HideSolutionNode = FALSE
	EndGlobalSection
EndGlobal
